
Microsoft Visual Studio Solution File, Format Version 12.00
# Visual Studio Version 18
VisualStudioVersion = 18.7.11911.148
MinimumVisualStudioVersion = 10.0.40219.1
Project("{FAE04EC0-301F-11D3-BF4B-00C04F79EFBC}") = "Todo.API", "Todo.API\Todo.API.csproj", "{9A0E0B47-9917-4838-8908-13B7B634BECF}"
EndProject
Project("{FAE04EC0-301F-11D3-BF4B-00C04F79EFBC}") = "Todo.DTOs", "Todo.DTOs\Todo.DTOs.csproj", "{FD75DB0F-C0FE-4006-B054-ED4398F2CE0F}"
EndProject
Project("{FAE04EC0-301F-11D3-BF4B-00C04F79EFBC}") = "Todo.Commons", "Todo.Commons\Todo.Commons.csproj", "{818F7FAB-6290-4EA0-908F-C3A9653E20BE}"
EndProject
Project("{FAE04EC0-301F-11D3-BF4B-00C04F79EFBC}") = "MayNghien.Infrastructures", "MayNghien.Infrastructures\MayNghien.Infrastructures\MayNghien.Infrastructures.csproj", "{FBFD1B66-2149-44CC-A729-B1751A9B026E}"
EndProject
Project("{FAE04EC0-301F-11D3-BF4B-00C04F79EFBC}") = "Todo.Domain", "Todo.Domain\Todo.Domain.csproj", "{6A8D82E4-CBC1-4F2A-8BC0-C8D2A5EF3308}"
EndProject
Project("{FAE04EC0-301F-11D3-BF4B-00C04F79EFBC}") = "Todo.Application", "Todo.Application\Todo.Application.csproj", "{92769605-51B5-4402-99E2-E80363F22273}"
EndProject
Project("{FAE04EC0-301F-11D3-BF4B-00C04F79EFBC}") = "Todo.Infrastructure", "Todo.Infrastructure\Todo.Infrastructure.csproj", "{26106466-2582-42B6-BE4C-0AFDF0C0A458}"
EndProject
Project("{FAE04EC0-301F-11D3-BF4B-00C04F79EFBC}") = "Todo.Application.Tests", "Todo.Application.Tests\Todo.Application.Tests.csproj", "{8C02E2F6-4664-4CAE-9306-4CFED348E82C}"
EndProject
Global
	GlobalSection(SolutionConfigurationPlatforms) = preSolution
		Debug|Any CPU = Debug|Any CPU
		Debug|x64 = Debug|x64
		Debug|x86 = Debug|x86
		Release|Any CPU = Release|Any CPU
		Release|x64 = Release|x64
		Release|x86 = Release|x86
	EndGlobalSection
	GlobalSection(ProjectConfigurationPlatforms) = postSolution
		{9A0E0B47-9917-4838-8908-13B7B634BECF}.Debug|Any CPU.ActiveCfg = Debug|Any CPU
		{9A0E0B47-9917-4838-8908-13B7B634BECF}.Debug|Any CPU.Build.0 = Debug|Any CPU
		{9A0E0B47-9917-4838-8908-13B7B634BECF}.Debug|x64.ActiveCfg = Debug|Any CPU
		{9A0E0B47-9917-4838-8908-13B7B634BECF}.Debug|x64.Build.0 = Debug|Any CPU
		{9A0E0B47-9917-4838-8908-13B7B634BECF}.Debug|x86.ActiveCfg = Debug|Any CPU
		{9A0E0B47-9917-4838-8908-13B7B634BECF}.Debug|x86.Build.0 = Debug|Any CPU
		{9A0E0B47-9917-4838-8908-13B7B634BECF}.Release|Any CPU.ActiveCfg = Release|Any CPU
		{9A0E0B47-9917-4838-8908-13B7B634BECF}.Release|Any CPU.Build.0 = Release|Any CPU
		{9A0E0B47-9917-4838-8908-13B7B634BECF}.Release|x64.ActiveCfg = Release|Any CPU
		{9A0E0B47-9917-4838-8908-13B7B634BECF}.Release|x64.Build.0 = Release|Any CPU
		{9A0E0B47-9917-4838-8908-13B7B634BECF}.Release|x86.ActiveCfg = Release|Any CPU
		{9A0E0B47-9917-4838-8908-13B7B634BECF}.Release|x86.Build.0 = Release|Any CPU
		{FD75DB0F-C0FE-4006-B054-ED4398F2CE0F}.Debug|Any CPU.ActiveCfg = Debug|Any CPU
		{FD75DB0F-C0FE-4006-B054-ED4398F2CE0F}.Debug|Any CPU.Build.0 = Debug|Any CPU
		{FD75DB0F-C0FE-4006-B054-ED4398F2CE0F}.Debug|x64.ActiveCfg = Debug|Any CPU
		{FD75DB0F-C0FE-4006-B054-ED4398F2CE0F}.Debug|x64.Build.0 = Debug|Any CPU
		{FD75DB0F-C0FE-4006-B054-ED4398F2CE0F}.Debug|x86.ActiveCfg = Debug|Any CPU
		{FD75DB0F-C0FE-4006-B054-ED4398F2CE0F}.Debug|x86.Build.0 = Debug|Any CPU
		{FD75DB0F-C0FE-4006-B054-ED4398F2CE0F}.Release|Any CPU.ActiveCfg = Release|Any CPU
		{FD75DB0F-C0FE-4006-B054-ED4398F2CE0F}.Release|Any CPU.Build.0 = Release|Any CPU
		{FD75DB0F-C0FE-4006-B054-ED4398F2CE0F}.Release|x64.ActiveCfg = Release|Any CPU
		{FD75DB0F-C0FE-4006-B054-ED4398F2CE0F}.Release|x64.Build.0 = Release|Any CPU
		{FD75DB0F-C0FE-4006-B054-ED4398F2CE0F}.Release|x86.ActiveCfg = Release|Any CPU
		{FD75DB0F-C0FE-4006-B054-ED4398F2CE0F}.Release|x86.Build.0 = Release|Any CPU
		{818F7FAB-6290-4EA0-908F-C3A9653E20BE}.Debug|Any CPU.ActiveCfg = Debug|Any CPU
		{818F7FAB-6290-4EA0-908F-C3A9653E20BE}.Debug|Any CPU.Build.0 = Debug|Any CPU
		{818F7FAB-6290-4EA0-908F-C3A9653E20BE}.Debug|x64.ActiveCfg = Debug|Any CPU
		{818F7FAB-6290-4EA0-908F-C3A9653E20BE}.Debug|x64.Build.0 = Debug|Any CPU
		{818F7FAB-6290-4EA0-908F-C3A9653E20BE}.Debug|x86.ActiveCfg = Debug|Any CPU
		{818F7FAB-6290-4EA0-908F-C3A9653E20BE}.Debug|x86.Build.0 = Debug|Any CPU
		{818F7FAB-6290-4EA0-908F-C3A9653E20BE}.Release|Any CPU.ActiveCfg = Release|Any CPU
		{818F7FAB-6290-4EA0-908F-C3A9653E20BE}.Release|Any CPU.Build.0 = Release|Any CPU
		{818F7FAB-6290-4EA0-908F-C3A9653E20BE}.Release|x64.ActiveCfg = Release|Any CPU
		{818F7FAB-6290-4EA0-908F-C3A9653E20BE}.Release|x64.Build.0 = Release|Any CPU
		{818F7FAB-6290-4EA0-908F-C3A9653E20BE}.Release|x86.ActiveCfg = Release|Any CPU
		{818F7FAB-6290-4EA0-908F-C3A9653E20BE}.Release|x86.Build.0 = Release|Any CPU
		{FBFD1B66-2149-44CC-A729-B1751A9B026E}.Debug|Any CPU.ActiveCfg = Debug|Any CPU
		{FBFD1B66-2149-44CC-A729-B1751A9B026E}.Debug|Any CPU.Build.0 = Debug|Any CPU
		{FBFD1B66-2149-44CC-A729-B1751A9B026E}.Debug|x64.ActiveCfg = Debug|Any CPU
		{FBFD1B66-2149-44CC-A729-B1751A9B026E}.Debug|x64.Build.0 = Debug|Any CPU
		{FBFD1B66-2149-44CC-A729-B1751A9B026E}.Debug|x86.ActiveCfg = Debug|Any CPU
		{FBFD1B66-2149-44CC-A729-B1751A9B026E}.Debug|x86.Build.0 = Debug|Any CPU
		{FBFD1B66-2149-44CC-A729-B1751A9B026E}.Release|Any CPU.ActiveCfg = Release|Any CPU
		{FBFD1B66-2149-44CC-A729-B1751A9B026E}.Release|Any CPU.Build.0 = Release|Any CPU
		{FBFD1B66-2149-44CC-A729-B1751A9B026E}.Release|x64.ActiveCfg = Release|Any CPU
		{FBFD1B66-2149-44CC-A729-B1751A9B026E}.Release|x64.Build.0 = Release|Any CPU
		{FBFD1B66-2149-44CC-A729-B1751A9B026E}.Release|x86.ActiveCfg = Release|Any CPU
		{FBFD1B66-2149-44CC-A729-B1751A9B026E}.Release|x86.Build.0 = Release|Any CPU
		{6A8D82E4-CBC1-4F2A-8BC0-C8D2A5EF3308}.Debug|Any CPU.ActiveCfg = Debug|Any CPU
		{6A8D82E4-CBC1-4F2A-8BC0-C8D2A5EF3308}.Debug|Any CPU.Build.0 = Debug|Any CPU
		{6A8D82E4-CBC1-4F2A-8BC0-C8D2A5EF3308}.Debug|x64.ActiveCfg = Debug|Any CPU
		{6A8D82E4-CBC1-4F2A-8BC0-C8D2A5EF3308}.Debug|x64.Build.0 = Debug|Any CPU
		{6A8D82E4-CBC1-4F2A-8BC0-C8D2A5EF3308}.Debug|x86.ActiveCfg = Debug|Any CPU
		{6A8D82E4-CBC1-4F2A-8BC0-C8D2A5EF3308}.Debug|x86.Build.0 = Debug|Any CPU
		{6A8D82E4-CBC1-4F2A-8BC0-C8D2A5EF3308}.Release|Any CPU.ActiveCfg = Release|Any CPU
		{6A8D82E4-CBC1-4F2A-8BC0-C8D2A5EF3308}.Release|Any CPU.Build.0 = Release|Any CPU
		{6A8D82E4-CBC1-4F2A-8BC0-C8D2A5EF3308}.Release|x64.ActiveCfg = Release|Any CPU
		{6A8D82E4-CBC1-4F2A-8BC0-C8D2A5EF3308}.Release|x64.Build.0 = Release|Any CPU
		{6A8D82E4-CBC1-4F2A-8BC0-C8D2A5EF3308}.Release|x86.ActiveCfg = Release|Any CPU
		{6A8D82E4-CBC1-4F2A-8BC0-C8D2A5EF3308}.Release|x86.Build.0 = Release|Any CPU
		{92769605-51B5-4402-99E2-E80363F22273}.Debug|Any CPU.ActiveCfg = Debug|Any CPU
		{92769605-51B5-4402-99E2-E80363F22273}.Debug|Any CPU.Build.0 = Debug|Any CPU
		{92769605-51B5-4402-99E2-E80363F22273}.Debug|x64.ActiveCfg = Debug|Any CPU
		{92769605-51B5-4402-99E2-E80363F22273}.Debug|x64.Build.0 = Debug|Any CPU
		{92769605-51B5-4402-99E2-E80363F22273}.Debug|x86.ActiveCfg = Debug|Any CPU
		{92769605-51B5-4402-99E2-E80363F22273}.Debug|x86.Build.0 = Debug|Any CPU
		{92769605-51B5-4402-99E2-E80363F22273}.Release|Any CPU.ActiveCfg = Release|Any CPU
		{92769605-51B5-4402-99E2-E80363F22273}.Release|Any CPU.Build.0 = Release|Any CPU
		{92769605-51B5-4402-99E2-E80363F22273}.Release|x64.ActiveCfg = Release|Any CPU
		{92769605-51B5-4402-99E2-E80363F22273}.Release|x64.Build.0 = Release|Any CPU
		{92769605-51B5-4402-99E2-E80363F22273}.Release|x86.ActiveCfg = Release|Any CPU
		{92769605-51B5-4402-99E2-E80363F22273}.Release|x86.Build.0 = Release|Any CPU
		{26106466-2582-42B6-BE4C-0AFDF0C0A458}.Debug|Any CPU.ActiveCfg = Debug|Any CPU
		{26106466-2582-42B6-BE4C-0AFDF0C0A458}.Debug|Any CPU.Build.0 = Debug|Any CPU
		{26106466-2582-42B6-BE4C-0AFDF0C0A458}.Debug|x64.ActiveCfg = Debug|Any CPU
		{26106466-2582-42B6-BE4C-0AFDF0C0A458}.Debug|x64.Build.0 = Debug|Any CPU
		{26106466-2582-42B6-BE4C-0AFDF0C0A458}.Debug|x86.ActiveCfg = Debug|Any CPU
		{26106466-2582-42B6-BE4C-0AFDF0C0A458}.Debug|x86.Build.0 = Debug|Any CPU
		{26106466-2582-42B6-BE4C-0AFDF0C0A458}.Release|Any CPU.ActiveCfg = Release|Any CPU
		{26106466-2582-42B6-BE4C-0AFDF0C0A458}.Release|Any CPU.Build.0 = Release|Any CPU
		{26106466-2582-42B6-BE4C-0AFDF0C0A458}.Release|x64.ActiveCfg = Release|Any CPU
		{26106466-2582-42B6-BE4C-0AFDF0C0A458}.Release|x64.Build.0 = Release|Any CPU
		{26106466-2582-42B6-BE4C-0AFDF0C0A458}.Release|x86.ActiveCfg = Release|Any CPU
		{26106466-2582-42B6-BE4C-0AFDF0C0A458}.Release|x86.Build.0 = Release|Any CPU
		{8C02E2F6-4664-4CAE-9306-4CFED348E82C}.Debug|Any CPU.ActiveCfg = Debug|Any CPU
		{8C02E2F6-4664-4CAE-9306-4CFED348E82C}.Debug|Any CPU.Build.0 = Debug|Any CPU
		{8C02E2F6-4664-4CAE-9306-4CFED348E82C}.Debug|x64.ActiveCfg = Debug|Any CPU
		{8C02E2F6-4664-4CAE-9306-4CFED348E82C}.Debug|x64.Build.0 = Debug|Any CPU
		{8C02E2F6-4664-4CAE-9306-4CFED348E82C}.Debug|x86.ActiveCfg = Debug|Any CPU
		{8C02E2F6-4664-4CAE-9306-4CFED348E82C}.Debug|x86.Build.0 = Debug|Any CPU
		{8C02E2F6-4664-4CAE-9306-4CFED348E82C}.Release|Any CPU.ActiveCfg = Release|Any CPU
		{8C02E2F6-4664-4CAE-9306-4CFED348E82C}.Release|Any CPU.Build.0 = Release|Any CPU
		{8C02E2F6-4664-4CAE-9306-4CFED348E82C}.Release|x64.ActiveCfg = Release|Any CPU
		{8C02E2F6-4664-4CAE-9306-4CFED348E82C}.Release|x64.Build.0 = Release|Any CPU
		{8C02E2F6-4664-4CAE-9306-4CFED348E82C}.Release|x86.ActiveCfg = Release|Any CPU
		{8C02E2F6-4664-4CAE-9306-4CFED348E82C}.Release|x86.Build.0 = Release|Any CPU
	EndGlobalSection
	GlobalSection(SolutionProperties) = preSolution
		HideSolutionNode = FALSE
	EndGlobalSection
	GlobalSection(ExtensibilityGlobals) = postSolution
		SolutionGuid = {2193A79E-791A-43A0-83BB-4BEC149FAFAE}
	EndGlobalSection
EndGlobal
